
Microsoft Visual Studio Solution File, Format Version 12.00
# Visual Studio 14
VisualStudioVersion = 14.0.25420.1
MinimumVisualStudioVersion = 10.0.40219.1
Project("{FAE04EC0-301F-11D3-BF4B-00C04F79EFBC}") = "Compiletime", "Compiletime\Compiletime.csproj", "{F1D7E5BA-D77C-4944-B2AF-672B9A1DB3A5}"
EndProject
Project("{FAE04EC0-301F-11D3-BF4B-00C04F79EFBC}") = "Transpiler", "Transpiler\Transpiler.csproj", "{20B095D1-680E-4796-B795-1E034CD82973}"
EndProject
Project("{FAE04EC0-301F-11D3-BF4B-00C04F79EFBC}") = "CommandLine", "CommandLine\CommandLine.csproj", "{EE05610F-34F5-45B2-9305-51208E38F40F}"
EndProject
Project("{FAE04EC0-301F-11D3-BF4B-00C04F79EFBC}") = "Showcase", "Showcase\Showcase.csproj", "{8DE5ACD3-C458-46EA-93C4-861C59B9C721}"
EndProject
Global
	GlobalSection(SolutionConfigurationPlatforms) = preSolution
		Debug|Any CPU = Debug|Any CPU
		Release|Any CPU = Release|Any CPU
	EndGlobalSection
	GlobalSection(ProjectConfigurationPlatforms) = postSolution
		{F1D7E5BA-D77C-4944-B2AF-672B9A1DB3A5}.Debug|Any CPU.ActiveCfg = Debug|Any CPU
		{F1D7E5BA-D77C-4944-B2AF-672B9A1DB3A5}.Debug|Any CPU.Build.0 = Debug|Any CPU
		{F1D7E5BA-D77C-4944-B2AF-672B9A1DB3A5}.Release|Any CPU.ActiveCfg = Release|Any CPU
		{F1D7E5BA-D77C-4944-B2AF-672B9A1DB3A5}.Release|Any CPU.Build.0 = Release|Any CPU
		{20B095D1-680E-4796-B795-1E034CD82973}.Debug|Any CPU.ActiveCfg = Debug|Any CPU
		{20B095D1-680E-4796-B795-1E034CD82973}.Debug|Any CPU.Build.0 = Debug|Any CPU
		{20B095D1-680E-4796-B795-1E034CD82973}.Release|Any CPU.ActiveCfg = Release|Any CPU
		{20B095D1-680E-4796-B795-1E034CD82973}.Release|Any CPU.Build.0 = Release|Any CPU
		{EE05610F-34F5-45B2-9305-51208E38F40F}.Debug|Any CPU.ActiveCfg = Debug|Any CPU
		{EE05610F-34F5-45B2-9305-51208E38F40F}.Debug|Any CPU.Build.0 = Debug|Any CPU
		{EE05610F-34F5-45B2-9305-51208E38F40F}.Release|Any CPU.ActiveCfg = Release|Any CPU
		{EE05610F-34F5-45B2-9305-51208E38F40F}.Release|Any CPU.Build.0 = Release|Any CPU
		{8DE5ACD3-C458-46EA-93C4-861C59B9C721}.Debug|Any CPU.ActiveCfg = Debug|Any CPU
		{8DE5ACD3-C458-46EA-93C4-861C59B9C721}.Debug|Any CPU.Build.0 = Debug|Any CPU
		{8DE5ACD3-C458-46EA-93C4-861C59B9C721}.Release|Any CPU.ActiveCfg = Release|Any CPU
		{8DE5ACD3-C458-46EA-93C4-861C59B9C721}.Release|Any CPU.Build.0 = Release|Any CPU
	EndGlobalSection
	GlobalSection(SolutionProperties) = preSolution
		HideSolutionNode = FALSE
	EndGlobalSection
EndGlobal
